
Microsoft Visual Studio Solution File, Format Version 12.00
# Visual Studio 15
Project("{FAE04EC0-301F-11D3-BF4B-00C04F79EFBC}") = "Assembly-CSharp", "Assembly-CSharp.csproj", "{B48B16C9-F851-F64C-C9BE-1D377EA99948}"
EndProject
Project("{FAE04EC0-301F-11D3-BF4B-00C04F79EFBC}") = "Assembly-CSharp-Editor", "Assembly-CSharp-Editor.csproj", "{977429CA-FB64-9C6B-5C05-63B762339D07}"
EndProject
Global
	GlobalSection(SolutionConfigurationPlatforms) = preSolution
		Debug|Any CPU = Debug|Any CPU
		Release|Any CPU = Release|Any CPU
	EndGlobalSection
	GlobalSection(ProjectConfigurationPlatforms) = postSolution
		{B48B16C9-F851-F64C-C9BE-1D377EA99948}.Debug|Any CPU.ActiveCfg = Debug|Any CPU
		{B48B16C9-F851-F64C-C9BE-1D377EA99948}.Debug|Any CPU.Build.0 = Debug|Any CPU
		{B48B16C9-F851-F64C-C9BE-1D377EA99948}.Release|Any CPU.ActiveCfg = Release|Any CPU
		{B48B16C9-F851-F64C-C9BE-1D377EA99948}.Release|Any CPU.Build.0 = Release|Any CPU
		{977429CA-FB64-9C6B-5C05-63B762339D07}.Debug|Any CPU.ActiveCfg = Debug|Any CPU
		{977429CA-FB64-9C6B-5C05-63B762339D07}.Debug|Any CPU.Build.0 = Debug|Any CPU
		{977429CA-FB64-9C6B-5C05-63B762339D07}.Release|Any CPU.ActiveCfg = Release|Any CPU
		{977429CA-FB64-9C6B-5C05-63B762339D07}.Release|Any CPU.Build.0 = Release|Any CPU
	EndGlobalSection
	GlobalSection(SolutionProperties) = preSolution
		HideSolutionNode = FALSE
	EndGlobalSection
EndGlobal
